
Microsoft Visual Studio Solution File, Format Version 12.00
# Visual Studio Version 17
VisualStudioVersion = 17.5.2.0
MinimumVisualStudioVersion = 10.0.40219.1
Project("{FAE04EC0-301F-11D3-BF4B-00C04F79EFBC}") = "learnwasm", "learnwasm\learnwasm.csproj", "{4C6BCBE6-C39A-036E-864B-818F633237D3}"
EndProject
Project("{FAE04EC0-301F-11D3-BF4B-00C04F79EFBC}") = "learnwasm.Tests", "learnwasm.Tests\learnwasm.Tests.csproj", "{43CC5C29-52F0-4FF3-931A-0BAE1EFC7AB3}"
EndProject
Global
	GlobalSection(SolutionConfigurationPlatforms) = preSolution
		Debug|Any CPU = Debug|Any CPU
		Debug|x64 = Debug|x64
		Debug|x86 = Debug|x86
		Release|Any CPU = Release|Any CPU
		Release|x64 = Release|x64
		Release|x86 = Release|x86
	EndGlobalSection
	GlobalSection(ProjectConfigurationPlatforms) = postSolution
		{4C6BCBE6-C39A-036E-864B-818F633237D3}.Debug|Any CPU.ActiveCfg = Debug|Any CPU
		{4C6BCBE6-C39A-036E-864B-818F633237D3}.Debug|Any CPU.Build.0 = Debug|Any CPU
		{4C6BCBE6-C39A-036E-864B-818F633237D3}.Debug|x64.ActiveCfg = Debug|Any CPU
		{4C6BCBE6-C39A-036E-864B-818F633237D3}.Debug|x64.Build.0 = Debug|Any CPU
		{4C6BCBE6-C39A-036E-864B-818F633237D3}.Debug|x86.ActiveCfg = Debug|Any CPU
		{4C6BCBE6-C39A-036E-864B-818F633237D3}.Debug|x86.Build.0 = Debug|Any CPU
		{4C6BCBE6-C39A-036E-864B-818F633237D3}.Release|Any CPU.ActiveCfg = Release|Any CPU
		{4C6BCBE6-C39A-036E-864B-818F633237D3}.Release|Any CPU.Build.0 = Release|Any CPU
		{4C6BCBE6-C39A-036E-864B-818F633237D3}.Release|x64.ActiveCfg = Release|Any CPU
		{4C6BCBE6-C39A-036E-864B-818F633237D3}.Release|x64.Build.0 = Release|Any CPU
		{4C6BCBE6-C39A-036E-864B-818F633237D3}.Release|x86.ActiveCfg = Release|Any CPU
		{4C6BCBE6-C39A-036E-864B-818F633237D3}.Release|x86.Build.0 = Release|Any CPU
		{43CC5C29-52F0-4FF3-931A-0BAE1EFC7AB3}.Debug|Any CPU.ActiveCfg = Debug|Any CPU
		{43CC5C29-52F0-4FF3-931A-0BAE1EFC7AB3}.Debug|Any CPU.Build.0 = Debug|Any CPU
		{43CC5C29-52F0-4FF3-931A-0BAE1EFC7AB3}.Debug|x64.ActiveCfg = Debug|Any CPU
		{43CC5C29-52F0-4FF3-931A-0BAE1EFC7AB3}.Debug|x64.Build.0 = Debug|Any CPU
		{43CC5C29-52F0-4FF3-931A-0BAE1EFC7AB3}.Debug|x86.ActiveCfg = Debug|Any CPU
		{43CC5C29-52F0-4FF3-931A-0BAE1EFC7AB3}.Debug|x86.Build.0 = Debug|Any CPU
		{43CC5C29-52F0-4FF3-931A-0BAE1EFC7AB3}.Release|Any CPU.ActiveCfg = Release|Any CPU
		{43CC5C29-52F0-4FF3-931A-0BAE1EFC7AB3}.Release|Any CPU.Build.0 = Release|Any CPU
		{43CC5C29-52F0-4FF3-931A-0BAE1EFC7AB3}.Release|x64.ActiveCfg = Release|Any CPU
		{43CC5C29-52F0-4FF3-931A-0BAE1EFC7AB3}.Release|x64.Build.0 = Release|Any CPU
		{43CC5C29-52F0-4FF3-931A-0BAE1EFC7AB3}.Release|x86.ActiveCfg = Release|Any CPU
		{43CC5C29-52F0-4FF3-931A-0BAE1EFC7AB3}.Release|x86.Build.0 = Release|Any CPU
	EndGlobalSection
	GlobalSection(SolutionProperties) = preSolution
		HideSolutionNode = FALSE
	EndGlobalSection
	GlobalSection(ExtensibilityGlobals) = postSolution
		SolutionGuid = {60E9A552-636B-4F67-91C6-5C7B114E2CB1}
	EndGlobalSection
EndGlobal
